
Microsoft Visual Studio Solution File, Format Version 12.00
# Visual Studio Version 17
VisualStudioVersion = 17.5.33502.453
MinimumVisualStudioVersion = 10.0.40219.1
Project("{2150E333-8FDC-42A3-9474-1A3956D46DE8}") = "data-porter.Api", "data-porter.Api", "{EDEE5374-A8EA-4E06-843E-D56EF088BE39}"
EndProject
Project("{9A19103F-16F7-4668-BE54-9A1E7A4F7556}") = "data-porter.Api", "data-porter.Api\data-porter.Api\data-porter.Api.csproj", "{3D642E86-743E-4118-8FC7-5FE1A0E38546}"
EndProject
Project("{E53339B2-1760-4266-BCC7-CA923CBCF16C}") = "docker-compose", "docker-compose.dcproj", "{E286FDE6-F332-46F8-BB66-B42F74FFC3D4}"
EndProject
Project("{9A19103F-16F7-4668-BE54-9A1E7A4F7556}") = "core", "core\core\core.csproj", "{C709E04F-370D-47F0-B6FC-0D0DE15BC995}"
EndProject
Project("{9A19103F-16F7-4668-BE54-9A1E7A4F7556}") = "data-porter.Repositories", "data-porter.Api\data-porter.Repositories\data-porter.Repositories.csproj", "{C73BAC37-FFBB-4677-BAAC-09DC83989382}"
EndProject
Project("{9A19103F-16F7-4668-BE54-9A1E7A4F7556}") = "data-porter.Models", "data-porter.Api\data-porter.Models\data-porter.Models.csproj", "{90AD910F-A5CC-4EBB-9157-671B897354F2}"
EndProject
Project("{FAE04EC0-301F-11D3-BF4B-00C04F79EFBC}") = "data-porter.cache", "data-porter.Api\data-porter.cache\data-porter.cache.csproj", "{BB996EF2-B8AF-445B-883B-CD24DB118855}"
EndProject
Project("{FAE04EC0-301F-11D3-BF4B-00C04F79EFBC}") = "data-porter.Processor", "data-porter.Api\data-porter.Processor\data-porter.Processor.csproj", "{FFB287A7-5A01-4665-AB7C-2D9EC7A335AB}"
EndProject
Project("{FAE04EC0-301F-11D3-BF4B-00C04F79EFBC}") = "data-porter.Validators", "data-porter.Api\data-porter.Validators\data-porter.Validators.csproj", "{1809F7AE-DA85-4141-984B-B8ECC15FCE75}"
EndProject
Global
	GlobalSection(SolutionConfigurationPlatforms) = preSolution
		Debug|Any CPU = Debug|Any CPU
		Release|Any CPU = Release|Any CPU
	EndGlobalSection
	GlobalSection(ProjectConfigurationPlatforms) = postSolution
		{3D642E86-743E-4118-8FC7-5FE1A0E38546}.Debug|Any CPU.ActiveCfg = Debug|Any CPU
		{3D642E86-743E-4118-8FC7-5FE1A0E38546}.Debug|Any CPU.Build.0 = Debug|Any CPU
		{3D642E86-743E-4118-8FC7-5FE1A0E38546}.Release|Any CPU.ActiveCfg = Release|Any CPU
		{3D642E86-743E-4118-8FC7-5FE1A0E38546}.Release|Any CPU.Build.0 = Release|Any CPU
		{E286FDE6-F332-46F8-BB66-B42F74FFC3D4}.Debug|Any CPU.ActiveCfg = Debug|Any CPU
		{E286FDE6-F332-46F8-BB66-B42F74FFC3D4}.Debug|Any CPU.Build.0 = Debug|Any CPU
		{E286FDE6-F332-46F8-BB66-B42F74FFC3D4}.Release|Any CPU.ActiveCfg = Release|Any CPU
		{E286FDE6-F332-46F8-BB66-B42F74FFC3D4}.Release|Any CPU.Build.0 = Release|Any CPU
		{C709E04F-370D-47F0-B6FC-0D0DE15BC995}.Debug|Any CPU.ActiveCfg = Debug|Any CPU
		{C709E04F-370D-47F0-B6FC-0D0DE15BC995}.Debug|Any CPU.Build.0 = Debug|Any CPU
		{C709E04F-370D-47F0-B6FC-0D0DE15BC995}.Release|Any CPU.ActiveCfg = Release|Any CPU
		{C709E04F-370D-47F0-B6FC-0D0DE15BC995}.Release|Any CPU.Build.0 = Release|Any CPU
		{C73BAC37-FFBB-4677-BAAC-09DC83989382}.Debug|Any CPU.ActiveCfg = Debug|Any CPU
		{C73BAC37-FFBB-4677-BAAC-09DC83989382}.Debug|Any CPU.Build.0 = Debug|Any CPU
		{C73BAC37-FFBB-4677-BAAC-09DC83989382}.Release|Any CPU.ActiveCfg = Release|Any CPU
		{C73BAC37-FFBB-4677-BAAC-09DC83989382}.Release|Any CPU.Build.0 = Release|Any CPU
		{90AD910F-A5CC-4EBB-9157-671B897354F2}.Debug|Any CPU.ActiveCfg = Debug|Any CPU
		{90AD910F-A5CC-4EBB-9157-671B897354F2}.Debug|Any CPU.Build.0 = Debug|Any CPU
		{90AD910F-A5CC-4EBB-9157-671B897354F2}.Release|Any CPU.ActiveCfg = Release|Any CPU
		{90AD910F-A5CC-4EBB-9157-671B897354F2}.Release|Any CPU.Build.0 = Release|Any CPU
		{BB996EF2-B8AF-445B-883B-CD24DB118855}.Debug|Any CPU.ActiveCfg = Debug|Any CPU
		{BB996EF2-B8AF-445B-883B-CD24DB118855}.Debug|Any CPU.Build.0 = Debug|Any CPU
		{BB996EF2-B8AF-445B-883B-CD24DB118855}.Release|Any CPU.ActiveCfg = Release|Any CPU
		{BB996EF2-B8AF-445B-883B-CD24DB118855}.Release|Any CPU.Build.0 = Release|Any CPU
		{FFB287A7-5A01-4665-AB7C-2D9EC7A335AB}.Debug|Any CPU.ActiveCfg = Debug|Any CPU
		{FFB287A7-5A01-4665-AB7C-2D9EC7A335AB}.Debug|Any CPU.Build.0 = Debug|Any CPU
		{FFB287A7-5A01-4665-AB7C-2D9EC7A335AB}.Release|Any CPU.ActiveCfg = Release|Any CPU
		{FFB287A7-5A01-4665-AB7C-2D9EC7A335AB}.Release|Any CPU.Build.0 = Release|Any CPU
		{1809F7AE-DA85-4141-984B-B8ECC15FCE75}.Debug|Any CPU.ActiveCfg = Debug|Any CPU
		{1809F7AE-DA85-4141-984B-B8ECC15FCE75}.Debug|Any CPU.Build.0 = Debug|Any CPU
		{1809F7AE-DA85-4141-984B-B8ECC15FCE75}.Release|Any CPU.ActiveCfg = Release|Any CPU
		{1809F7AE-DA85-4141-984B-B8ECC15FCE75}.Release|Any CPU.Build.0 = Release|Any CPU
	EndGlobalSection
	GlobalSection(SolutionProperties) = preSolution
		HideSolutionNode = FALSE
	EndGlobalSection
	GlobalSection(NestedProjects) = preSolution
		{3D642E86-743E-4118-8FC7-5FE1A0E38546} = {EDEE5374-A8EA-4E06-843E-D56EF088BE39}
		{C73BAC37-FFBB-4677-BAAC-09DC83989382} = {EDEE5374-A8EA-4E06-843E-D56EF088BE39}
		{90AD910F-A5CC-4EBB-9157-671B897354F2} = {EDEE5374-A8EA-4E06-843E-D56EF088BE39}
		{BB996EF2-B8AF-445B-883B-CD24DB118855} = {EDEE5374-A8EA-4E06-843E-D56EF088BE39}
		{FFB287A7-5A01-4665-AB7C-2D9EC7A335AB} = {EDEE5374-A8EA-4E06-843E-D56EF088BE39}
		{1809F7AE-DA85-4141-984B-B8ECC15FCE75} = {EDEE5374-A8EA-4E06-843E-D56EF088BE39}
	EndGlobalSection
	GlobalSection(ExtensibilityGlobals) = postSolution
		SolutionGuid = {14B89396-7373-4CE0-B049-03C035239509}
	EndGlobalSection
EndGlobal
